
Microsoft Visual Studio Solution File, Format Version 12.00
# Visual Studio 14
VisualStudioVersion = 14.0.25420.1
MinimumVisualStudioVersion = 10.0.40219.1
Project("{FAE04EC0-301F-11D3-BF4B-00C04F79EFBC}") = "bezpieczniejsi", "bezpieczniejsi\bezpieczniejsi.csproj", "{F859A8E3-6160-45B8-B985-FBDFE8A06B4E}"
EndProject
Project("{FAE04EC0-301F-11D3-BF4B-00C04F79EFBC}") = "PiatToolkit", "PiatToolkit\PiatToolkit.csproj", "{5A882944-66B1-4C39-A6E4-31A92B428D3D}"
EndProject
Project("{FAE04EC0-301F-11D3-BF4B-00C04F79EFBC}") = "PiatToolkitWPF", "PiatToolkitWPF\PiatToolkitWPF.csproj", "{CA691772-082B-4598-9BDA-46594E65A008}"
EndProject
Project("{FAE04EC0-301F-11D3-BF4B-00C04F79EFBC}") = "bezpieczniejsi.Tests", "bezpieczniejsi.Tests\bezpieczniejsi.Tests.csproj", "{C71F2C3E-8236-4007-8A77-3EB3B353DF55}"
EndProject
Project("{FAE04EC0-301F-11D3-BF4B-00C04F79EFBC}") = "bezpieczniejsi.wpf", "bezpieczniejsi.wpf\bezpieczniejsi.wpf.csproj", "{8BC6D08E-81F9-4F5C-950C-3A3C0921DB72}"
EndProject
Global
	GlobalSection(SolutionConfigurationPlatforms) = preSolution
		Debug|Any CPU = Debug|Any CPU
		Release|Any CPU = Release|Any CPU
	EndGlobalSection
	GlobalSection(ProjectConfigurationPlatforms) = postSolution
		{F859A8E3-6160-45B8-B985-FBDFE8A06B4E}.Debug|Any CPU.ActiveCfg = Debug|Any CPU
		{F859A8E3-6160-45B8-B985-FBDFE8A06B4E}.Debug|Any CPU.Build.0 = Debug|Any CPU
		{F859A8E3-6160-45B8-B985-FBDFE8A06B4E}.Release|Any CPU.ActiveCfg = Release|Any CPU
		{F859A8E3-6160-45B8-B985-FBDFE8A06B4E}.Release|Any CPU.Build.0 = Release|Any CPU
		{5A882944-66B1-4C39-A6E4-31A92B428D3D}.Debug|Any CPU.ActiveCfg = Debug|Any CPU
		{5A882944-66B1-4C39-A6E4-31A92B428D3D}.Debug|Any CPU.Build.0 = Debug|Any CPU
		{5A882944-66B1-4C39-A6E4-31A92B428D3D}.Release|Any CPU.ActiveCfg = Release|Any CPU
		{5A882944-66B1-4C39-A6E4-31A92B428D3D}.Release|Any CPU.Build.0 = Release|Any CPU
		{CA691772-082B-4598-9BDA-46594E65A008}.Debug|Any CPU.ActiveCfg = Debug|Any CPU
		{CA691772-082B-4598-9BDA-46594E65A008}.Debug|Any CPU.Build.0 = Debug|Any CPU
		{CA691772-082B-4598-9BDA-46594E65A008}.Release|Any CPU.ActiveCfg = Release|Any CPU
		{CA691772-082B-4598-9BDA-46594E65A008}.Release|Any CPU.Build.0 = Release|Any CPU
		{C71F2C3E-8236-4007-8A77-3EB3B353DF55}.Debug|Any CPU.ActiveCfg = Debug|Any CPU
		{C71F2C3E-8236-4007-8A77-3EB3B353DF55}.Debug|Any CPU.Build.0 = Debug|Any CPU
		{C71F2C3E-8236-4007-8A77-3EB3B353DF55}.Release|Any CPU.ActiveCfg = Release|Any CPU
		{C71F2C3E-8236-4007-8A77-3EB3B353DF55}.Release|Any CPU.Build.0 = Release|Any CPU
		{8BC6D08E-81F9-4F5C-950C-3A3C0921DB72}.Debug|Any CPU.ActiveCfg = Debug|Any CPU
		{8BC6D08E-81F9-4F5C-950C-3A3C0921DB72}.Debug|Any CPU.Build.0 = Debug|Any CPU
		{8BC6D08E-81F9-4F5C-950C-3A3C0921DB72}.Release|Any CPU.ActiveCfg = Release|Any CPU
		{8BC6D08E-81F9-4F5C-950C-3A3C0921DB72}.Release|Any CPU.Build.0 = Release|Any CPU
	EndGlobalSection
	GlobalSection(SolutionProperties) = preSolution
		HideSolutionNode = FALSE
	EndGlobalSection
EndGlobal
